
Microsoft Visual Studio Solution File, Format Version 12.00
# Visual Studio Version 17
VisualStudioVersion = 17.10.35027.167
MinimumVisualStudioVersion = 10.0.40219.1
Project("{FAE04EC0-301F-11D3-BF4B-00C04F79EFBC}") = "Zyberion Taiwan", "Zyberion Taiwan\Zyberion Taiwan.csproj", "{D100B489-6BF2-4132-B038-21A36534D248}"
EndProject
Global
	GlobalSection(SolutionConfigurationPlatforms) = preSolution
		Debug|Any CPU = Debug|Any CPU
		Release|Any CPU = Release|Any CPU
	EndGlobalSection
	GlobalSection(ProjectConfigurationPlatforms) = postSolution
		{D100B489-6BF2-4132-B038-21A36534D248}.Debug|Any CPU.ActiveCfg = Debug|Any CPU
		{D100B489-6BF2-4132-B038-21A36534D248}.Debug|Any CPU.Build.0 = Debug|Any CPU
		{D100B489-6BF2-4132-B038-21A36534D248}.Release|Any CPU.ActiveCfg = Release|Any CPU
		{D100B489-6BF2-4132-B038-21A36534D248}.Release|Any CPU.Build.0 = Release|Any CPU
	EndGlobalSection
	GlobalSection(SolutionProperties) = preSolution
		HideSolutionNode = FALSE
	EndGlobalSection
	GlobalSection(ExtensibilityGlobals) = postSolution
		SolutionGuid = {1A90B791-7089-4E86-9347-47EF17FC0660}
	EndGlobalSection
EndGlobal
